
Microsoft Visual Studio Solution File, Format Version 12.00
# Visual Studio Version 16
VisualStudioVersion = 16.0.29926.136
MinimumVisualStudioVersion = 10.0.40219.1
Project("{FAE04EC0-301F-11D3-BF4B-00C04F79EFBC}") = "Entities", "Entities\Entities.csproj", "{46CCCEB6-2D49-4F3C-AC98-3B346A34F237}"
EndProject
Project("{FAE04EC0-301F-11D3-BF4B-00C04F79EFBC}") = "Core", "Core\Core.csproj", "{73EEEF39-0A01-4FE8-BE21-FC766C01AC61}"
EndProject
Project("{FAE04EC0-301F-11D3-BF4B-00C04F79EFBC}") = "Business", "Business\Business.csproj", "{FC188566-B46F-464F-80EA-5BA0C3645706}"
EndProject
Project("{FAE04EC0-301F-11D3-BF4B-00C04F79EFBC}") = "DataAccess", "DataAccess\DataAccess.csproj", "{5A5AB6DD-8A5F-4E89-88CF-0E629AE358B5}"
EndProject
Project("{FAE04EC0-301F-11D3-BF4B-00C04F79EFBC}") = "MVCWebUI", "MVCWebUI\MVCWebUI.csproj", "{61458FBE-5CF9-4AF2-9468-FF1502E10B9E}"
EndProject
Global
	GlobalSection(SolutionConfigurationPlatforms) = preSolution
		Debug|Any CPU = Debug|Any CPU
		Release|Any CPU = Release|Any CPU
	EndGlobalSection
	GlobalSection(ProjectConfigurationPlatforms) = postSolution
		{46CCCEB6-2D49-4F3C-AC98-3B346A34F237}.Debug|Any CPU.ActiveCfg = Debug|Any CPU
		{46CCCEB6-2D49-4F3C-AC98-3B346A34F237}.Debug|Any CPU.Build.0 = Debug|Any CPU
		{46CCCEB6-2D49-4F3C-AC98-3B346A34F237}.Release|Any CPU.ActiveCfg = Release|Any CPU
		{46CCCEB6-2D49-4F3C-AC98-3B346A34F237}.Release|Any CPU.Build.0 = Release|Any CPU
		{73EEEF39-0A01-4FE8-BE21-FC766C01AC61}.Debug|Any CPU.ActiveCfg = Debug|Any CPU
		{73EEEF39-0A01-4FE8-BE21-FC766C01AC61}.Debug|Any CPU.Build.0 = Debug|Any CPU
		{73EEEF39-0A01-4FE8-BE21-FC766C01AC61}.Release|Any CPU.ActiveCfg = Release|Any CPU
		{73EEEF39-0A01-4FE8-BE21-FC766C01AC61}.Release|Any CPU.Build.0 = Release|Any CPU
		{FC188566-B46F-464F-80EA-5BA0C3645706}.Debug|Any CPU.ActiveCfg = Debug|Any CPU
		{FC188566-B46F-464F-80EA-5BA0C3645706}.Debug|Any CPU.Build.0 = Debug|Any CPU
		{FC188566-B46F-464F-80EA-5BA0C3645706}.Release|Any CPU.ActiveCfg = Release|Any CPU
		{FC188566-B46F-464F-80EA-5BA0C3645706}.Release|Any CPU.Build.0 = Release|Any CPU
		{5A5AB6DD-8A5F-4E89-88CF-0E629AE358B5}.Debug|Any CPU.ActiveCfg = Debug|Any CPU
		{5A5AB6DD-8A5F-4E89-88CF-0E629AE358B5}.Debug|Any CPU.Build.0 = Debug|Any CPU
		{5A5AB6DD-8A5F-4E89-88CF-0E629AE358B5}.Release|Any CPU.ActiveCfg = Release|Any CPU
		{5A5AB6DD-8A5F-4E89-88CF-0E629AE358B5}.Release|Any CPU.Build.0 = Release|Any CPU
		{61458FBE-5CF9-4AF2-9468-FF1502E10B9E}.Debug|Any CPU.ActiveCfg = Debug|Any CPU
		{61458FBE-5CF9-4AF2-9468-FF1502E10B9E}.Debug|Any CPU.Build.0 = Debug|Any CPU
		{61458FBE-5CF9-4AF2-9468-FF1502E10B9E}.Release|Any CPU.ActiveCfg = Release|Any CPU
		{61458FBE-5CF9-4AF2-9468-FF1502E10B9E}.Release|Any CPU.Build.0 = Release|Any CPU
	EndGlobalSection
	GlobalSection(SolutionProperties) = preSolution
		HideSolutionNode = FALSE
	EndGlobalSection
	GlobalSection(ExtensibilityGlobals) = postSolution
		SolutionGuid = {6CF17343-832B-49EA-B66E-07F2DCA05CBA}
	EndGlobalSection
EndGlobal
